
Microsoft Visual Studio Solution File, Format Version 12.00
# Visual Studio 15
Project("{FAE04EC0-301F-11D3-BF4B-00C04F79EFBC}") = "Assembly-CSharp", "Assembly-CSharp.csproj", "{F53404D6-99B2-E877-8D74-216E6C852E72}"
EndProject
Project("{FAE04EC0-301F-11D3-BF4B-00C04F79EFBC}") = "Assembly-CSharp-firstpass", "Assembly-CSharp-firstpass.csproj", "{CC8C9064-6923-4024-5FE8-E44A9DB726F0}"
EndProject
Project("{FAE04EC0-301F-11D3-BF4B-00C04F79EFBC}") = "Assembly-CSharp-Editor-firstpass", "Assembly-CSharp-Editor-firstpass.csproj", "{E6F9C176-773B-7B74-EFEC-FA1D8BA43BDD}"
EndProject
Global
	GlobalSection(SolutionConfigurationPlatforms) = preSolution
		Debug|Any CPU = Debug|Any CPU
		Release|Any CPU = Release|Any CPU
	EndGlobalSection
	GlobalSection(ProjectConfigurationPlatforms) = postSolution
		{F53404D6-99B2-E877-8D74-216E6C852E72}.Debug|Any CPU.ActiveCfg = Debug|Any CPU
		{F53404D6-99B2-E877-8D74-216E6C852E72}.Debug|Any CPU.Build.0 = Debug|Any CPU
		{F53404D6-99B2-E877-8D74-216E6C852E72}.Release|Any CPU.ActiveCfg = Release|Any CPU
		{F53404D6-99B2-E877-8D74-216E6C852E72}.Release|Any CPU.Build.0 = Release|Any CPU
		{CC8C9064-6923-4024-5FE8-E44A9DB726F0}.Debug|Any CPU.ActiveCfg = Debug|Any CPU
		{CC8C9064-6923-4024-5FE8-E44A9DB726F0}.Debug|Any CPU.Build.0 = Debug|Any CPU
		{CC8C9064-6923-4024-5FE8-E44A9DB726F0}.Release|Any CPU.ActiveCfg = Release|Any CPU
		{CC8C9064-6923-4024-5FE8-E44A9DB726F0}.Release|Any CPU.Build.0 = Release|Any CPU
		{E6F9C176-773B-7B74-EFEC-FA1D8BA43BDD}.Debug|Any CPU.ActiveCfg = Debug|Any CPU
		{E6F9C176-773B-7B74-EFEC-FA1D8BA43BDD}.Debug|Any CPU.Build.0 = Debug|Any CPU
		{E6F9C176-773B-7B74-EFEC-FA1D8BA43BDD}.Release|Any CPU.ActiveCfg = Release|Any CPU
		{E6F9C176-773B-7B74-EFEC-FA1D8BA43BDD}.Release|Any CPU.Build.0 = Release|Any CPU
	EndGlobalSection
	GlobalSection(SolutionProperties) = preSolution
		HideSolutionNode = FALSE
	EndGlobalSection
EndGlobal
